
Microsoft Visual Studio Solution File, Format Version 12.00
# Visual Studio 15
VisualStudioVersion = 15.0.27004.2009
MinimumVisualStudioVersion = 10.0.40219.1
Project("{FAE04EC0-301F-11D3-BF4B-00C04F79EFBC}") = "ImgProc1", "ImgProc1\ImgProc1.csproj", "{D6F3A696-3D99-4BD9-889A-66976DEFDE9C}"
EndProject
Global
	GlobalSection(SolutionConfigurationPlatforms) = preSolution
		Debug|Any CPU = Debug|Any CPU
		Release|Any CPU = Release|Any CPU
	EndGlobalSection
	GlobalSection(ProjectConfigurationPlatforms) = postSolution
		{D6F3A696-3D99-4BD9-889A-66976DEFDE9C}.Debug|Any CPU.ActiveCfg = Debug|Any CPU
		{D6F3A696-3D99-4BD9-889A-66976DEFDE9C}.Debug|Any CPU.Build.0 = Debug|Any CPU
		{D6F3A696-3D99-4BD9-889A-66976DEFDE9C}.Release|Any CPU.ActiveCfg = Release|Any CPU
		{D6F3A696-3D99-4BD9-889A-66976DEFDE9C}.Release|Any CPU.Build.0 = Release|Any CPU
	EndGlobalSection
	GlobalSection(SolutionProperties) = preSolution
		HideSolutionNode = FALSE
	EndGlobalSection
	GlobalSection(ExtensibilityGlobals) = postSolution
		SolutionGuid = {54DA4286-2FF5-4507-8657-77896A6B14B6}
	EndGlobalSection
EndGlobal
